// !$*UTF8*$!
{
	archiveVersion = 1;
	classes = {
	};
	objectVersion = 50;
	objects = {

/* Begin PBXBuildFile section */
		3C7FF75D2522875900F81A74 /* AppDelegate.swift in Sources */ = {isa = PBXBuildFile; fileRef = 3C7FF75C2522875900F81A74 /* AppDelegate.swift */; };
		3C7FF75F2522875900F81A74 /* SceneDelegate.swift in Sources */ = {isa = PBXBuildFile; fileRef = 3C7FF75E2522875900F81A74 /* SceneDelegate.swift */; };
		3C7FF7612522875900F81A74 /* ViewController.swift in Sources */ = {isa = PBXBuildFile; fileRef = 3C7FF7602522875900F81A74 /* ViewController.swift */; };
		3C7FF7642522875900F81A74 /* Main.storyboard in Resources */ = {isa = PBXBuildFile; fileRef = 3C7FF7622522875900F81A74 /* Main.storyboard */; };
		3C7FF7672522875900F81A74 /* NewsStar.xcdatamodeld in Sources */ = {isa = PBXBuildFile; fileRef = 3C7FF7652522875900F81A74 /* NewsStar.xcdatamodeld */; };
		3C7FF7692522875E00F81A74 /* Assets.xcassets in Resources */ = {isa = PBXBuildFile; fileRef = 3C7FF7682522875E00F81A74 /* Assets.xcassets */; };
		3C7FF76C2522875E00F81A74 /* LaunchScreen.storyboard in Resources */ = {isa = PBXBuildFile; fileRef = 3C7FF76A2522875E00F81A74 /* LaunchScreen.storyboard */; };
/* End PBXBuildFile section */

/* Begin PBXFileReference section */
		3C7FF7592522875900F81A74 /* NewsStar.app */ = {isa = PBXFileReference; explicitFileType = wrapper.application; includeInIndex = 0; path = NewsStar.app; sourceTree = BUILT_PRODUCTS_DIR; };
		3C7FF75C2522875900F81A74 /* AppDelegate.swift */ = {isa = PBXFileReference; lastKnownFileType = sourcecode.swift; path = AppDelegate.swift; sourceTree = "<group>"; };
		3C7FF75E2522875900F81A74 /* SceneDelegate.swift */ = {isa = PBXFileReference; lastKnownFileType = sourcecode.swift; path = SceneDelegate.swift; sourceTree = "<group>"; };
		3C7FF7602522875900F81A74 /* ViewController.swift */ = {isa = PBXFileReference; lastKnownFileType = sourcecode.swift; path = ViewController.swift; sourceTree = "<group>"; };
		3C7FF7632522875900F81A74 /* Base */ = {isa = PBXFileReference; lastKnownFileType = file.storyboard; name = Base; path = Base.lproj/Main.storyboard; sourceTree = "<group>"; };
		3C7FF7662522875900F81A74 /* NewsStar.xcdatamodel */ = {isa = PBXFileReference; lastKnownFileType = wrapper.xcdatamodel; path = NewsStar.xcdatamodel; sourceTree = "<group>"; };
		3C7FF7682522875E00F81A74 /* Assets.xcassets */ = {isa = PBXFileReference; lastKnownFileType = folder.assetcatalog; path = Assets.xcassets; sourceTree = "<group>"; };
		3C7FF76B2522875E00F81A74 /* Base */ = {isa = PBXFileReference; lastKnownFileType = file.storyboard; name = Base; path = Base.lproj/LaunchScreen.storyboard; sourceTree = "<group>"; };
		3C7FF76D2522875E00F81A74 /* Info.plist */ = {isa = PBXFileReference; lastKnownFileType = text.plist.xml; path = Info.plist; sourceTree = "<group>"; };
/* End PBXFileReference section */

/* Begin PBXFrameworksBuildPhase section */
		3C7FF7562522875900F81A74 /* Frameworks */ = {
			isa = PBXFrameworksBuildPhase;
			buildActionMask = 2147483647;
			files = (
			);
			runOnlyForDeploymentPostprocessing = 0;
		};
/* End PBXFrameworksBuildPhase section */

/* Begin PBXGroup section */
		3C7FF7502522875900F81A74 = {
			isa = PBXGroup;
			children = (
				3C7FF75B2522875900F81A74 /* NewsStar */,
				3C7FF75A2522875900F81A74 /* Products */,
			);
			sourceTree = "<group>";
		};
		3C7FF75A2522875900F81A74 /* Products */ = {
			isa = PBXGroup;
			children = (
				3C7FF7592522875900F81A74 /* NewsStar.app */,
			);
			name = Products;
			sourceTree = "<group>";
		};
		3C7FF75B2522875900F81A74 /* NewsStar */ = {
			isa = PBXGroup;
			children = (
				3C7FF77825228DCD00F81A74 /* Storyboard */,
				3C7FF77725228DBC00F81A74 /* Code */,
				3C7FF7812522912300F81A74 /* Services */,
				3C7FF77625228DB100F81A74 /* Resources */,
				3C7FF77425228D5A00F81A74 /* Animations */,
				3C7FF77525228D7500F81A74 /* Extensions */,
				3C7FF76D2522875E00F81A74 /* Info.plist */,
				3C7FF7652522875900F81A74 /* NewsStar.xcdatamodeld */,
			);
			path = NewsStar;
			sourceTree = "<group>";
		};
		3C7FF77425228D5A00F81A74 /* Animations */ = {
			isa = PBXGroup;
			children = (
			);
			path = Animations;
			sourceTree = "<group>";
		};
		3C7FF77525228D7500F81A74 /* Extensions */ = {
			isa = PBXGroup;
			children = (
			);
			path = Extensions;
			sourceTree = "<group>";
		};
		3C7FF77625228DB100F81A74 /* Resources */ = {
			isa = PBXGroup;
			children = (
				3C7FF7682522875E00F81A74 /* Assets.xcassets */,
			);
			path = Resources;
			sourceTree = "<group>";
		};
		3C7FF77725228DBC00F81A74 /* Code */ = {
			isa = PBXGroup;
			children = (
				3C7FF77925228DF700F81A74 /* Core */,
				3C7FF77A25228E2900F81A74 /* Models */,
				3C7FF77C25228E4500F81A74 /* Views */,
				3C7FF77B25228E3A00F81A74 /* ViewModels */,
			);
			path = Code;
			sourceTree = "<group>";
		};
		3C7FF77825228DCD00F81A74 /* Storyboard */ = {
			isa = PBXGroup;
			children = (
				3C7FF7622522875900F81A74 /* Main.storyboard */,
				3C7FF76A2522875E00F81A74 /* LaunchScreen.storyboard */,
			);
			path = Storyboard;
			sourceTree = "<group>";
		};
		3C7FF77925228DF700F81A74 /* Core */ = {
			isa = PBXGroup;
			children = (
				3C7FF75C2522875900F81A74 /* AppDelegate.swift */,
				3C7FF75E2522875900F81A74 /* SceneDelegate.swift */,
			);
			path = Core;
			sourceTree = "<group>";
		};
		3C7FF77A25228E2900F81A74 /* Models */ = {
			isa = PBXGroup;
			children = (
			);
			path = Models;
			sourceTree = "<group>";
		};
		3C7FF77B25228E3A00F81A74 /* ViewModels */ = {
			isa = PBXGroup;
			children = (
			);
			path = ViewModels;
			sourceTree = "<group>";
		};
		3C7FF77C25228E4500F81A74 /* Views */ = {
			isa = PBXGroup;
			children = (
				3C7FF780252290FF00F81A74 /* ViewController */,
			);
			path = Views;
			sourceTree = "<group>";
		};
		3C7FF780252290FF00F81A74 /* ViewController */ = {
			isa = PBXGroup;
			children = (
				3C7FF7602522875900F81A74 /* ViewController.swift */,
			);
			path = ViewController;
			sourceTree = "<group>";
		};
		3C7FF7812522912300F81A74 /* Services */ = {
			isa = PBXGroup;
			children = (
			);
			path = Services;
			sourceTree = "<group>";
		};
/* End PBXGroup section */

/* Begin PBXNativeTarget section */
		3C7FF7582522875900F81A74 /* NewsStar */ = {
			isa = PBXNativeTarget;
			buildConfigurationList = 3C7FF7702522875E00F81A74 /* Build configuration list for PBXNativeTarget "NewsStar" */;
			buildPhases = (
				3C7FF7552522875900F81A74 /* Sources */,
				3C7FF7562522875900F81A74 /* Frameworks */,
				3C7FF7572522875900F81A74 /* Resources */,
			);
			buildRules = (
			);
			dependencies = (
			);
			name = NewsStar;
			productName = NewsStar;
			productReference = 3C7FF7592522875900F81A74 /* NewsStar.app */;
			productType = "com.apple.product-type.application";
		};
/* End PBXNativeTarget section */

/* Begin PBXProject section */
		3C7FF7512522875900F81A74 /* Project object */ = {
			isa = PBXProject;
			attributes = {
				LastSwiftUpdateCheck = 1200;
				LastUpgradeCheck = 1200;
				TargetAttributes = {
					3C7FF7582522875900F81A74 = {
						CreatedOnToolsVersion = 12.0;
					};
				};
			};
			buildConfigurationList = 3C7FF7542522875900F81A74 /* Build configuration list for PBXProject "NewsStar" */;
			compatibilityVersion = "Xcode 9.3";
			developmentRegion = en;
			hasScannedForEncodings = 0;
			knownRegions = (
				en,
				Base,
			);
			mainGroup = 3C7FF7502522875900F81A74;
			productRefGroup = 3C7FF75A2522875900F81A74 /* Products */;
			projectDirPath = "";
			projectRoot = "";
			targets = (
				3C7FF7582522875900F81A74 /* NewsStar */,
			);
		};
/* End PBXProject section */

/* Begin PBXResourcesBuildPhase section */
		3C7FF7572522875900F81A74 /* Resources */ = {
			isa = PBXResourcesBuildPhase;
			buildActionMask = 2147483647;
			files = (
				3C7FF76C2522875E00F81A74 /* LaunchScreen.storyboard in Resources */,
				3C7FF7692522875E00F81A74 /* Assets.xcassets in Resources */,
				3C7FF7642522875900F81A74 /* Main.storyboard in Resources */,
			);
			runOnlyForDeploymentPostprocessing = 0;
		};
/* End PBXResourcesBuildPhase section */

/* Begin PBXSourcesBuildPhase section */
		3C7FF7552522875900F81A74 /* Sources */ = {
			isa = PBXSourcesBuildPhase;
			buildActionMask = 2147483647;
			files = (
				3C7FF7672522875900F81A74 /* NewsStar.xcdatamodeld in Sources */,
				3C7FF7612522875900F81A74 /* ViewController.swift in Sources */,
				3C7FF75D2522875900F81A74 /* AppDelegate.swift in Sources */,
				3C7FF75F2522875900F81A74 /* SceneDelegate.swift in Sources */,
			);
			runOnlyForDeploymentPostprocessing = 0;
		};
/* End PBXSourcesBuildPhase section */

/* Begin PBXVariantGroup section */
		3C7FF7622522875900F81A74 /* Main.storyboard */ = {
			isa = PBXVariantGroup;
			children = (
				3C7FF7632522875900F81A74 /* Base */,
			);
			name = Main.storyboard;
			sourceTree = "<group>";
		};
		3C7FF76A2522875E00F81A74 /* LaunchScreen.storyboard */ = {
			isa = PBXVariantGroup;
			children = (
				3C7FF76B2522875E00F81A74 /* Base */,
			);
			name = LaunchScreen.storyboard;
			sourceTree = "<group>";
		};
/* End PBXVariantGroup section */

/* Begin XCBuildConfiguration section */
		3C7FF76E2522875E00F81A74 /* Debug */ = {
			isa = XCBuildConfiguration;
			buildSettings = {
				ALWAYS_SEARCH_USER_PATHS = NO;
				CLANG_ANALYZER_NONNULL = YES;
				CLANG_ANALYZER_NUMBER_OBJECT_CONVERSION = YES_AGGRESSIVE;
				CLANG_CXX_LANGUAGE_STANDARD = "gnu++14";
				CLANG_CXX_LIBRARY = "libc++";
				CLANG_ENABLE_MODULES = YES;
				CLANG_ENABLE_OBJC_ARC = YES;
				CLANG_ENABLE_OBJC_WEAK = YES;
				CLANG_WARN_BLOCK_CAPTURE_AUTORELEASING = YES;
				CLANG_WARN_BOOL_CONVERSION = YES;
				CLANG_WARN_COMMA = YES;
				CLANG_WARN_CONSTANT_CONVERSION = YES;
				CLANG_WARN_DEPRECATED_OBJC_IMPLEMENTATIONS = YES;
				CLANG_WARN_DIRECT_OBJC_ISA_USAGE = YES_ERROR;
				CLANG_WARN_DOCUMENTATION_COMMENTS = YES;
				CLANG_WARN_EMPTY_BODY = YES;
				CLANG_WARN_ENUM_CONVERSION = YES;
				CLANG_WARN_INFINITE_RECURSION = YES;
				CLANG_WARN_INT_CONVERSION = YES;
				CLANG_WARN_NON_LITERAL_NULL_CONVERSION = YES;
				CLANG_WARN_OBJC_IMPLICIT_RETAIN_SELF = YES;
				CLANG_WARN_OBJC_LITERAL_CONVERSION = YES;
				CLANG_WARN_OBJC_ROOT_CLASS = YES_ERROR;
				CLANG_WARN_QUOTED_INCLUDE_IN_FRAMEWORK_HEADER = YES;
				CLANG_WARN_RANGE_LOOP_ANALYSIS = YES;
				CLANG_WARN_STRICT_PROTOTYPES = YES;
				CLANG_WARN_SUSPICIOUS_MOVE = YES;
				CLANG_WARN_UNGUARDED_AVAILABILITY = YES_AGGRESSIVE;
				CLANG_WARN_UNREACHABLE_CODE = YES;
				CLANG_WARN__DUPLICATE_METHOD_MATCH = YES;
				COPY_PHASE_STRIP = NO;
				DEBUG_INFORMATION_FORMAT = dwarf;
				ENABLE_STRICT_OBJC_MSGSEND = YES;
				ENABLE_TESTABILITY = YES;
				GCC_C_LANGUAGE_STANDARD = gnu11;
				GCC_DYNAMIC_NO_PIC = NO;
				GCC_NO_COMMON_BLOCKS = YES;
				GCC_OPTIMIZATION_LEVEL = 0;
				GCC_PREPROCESSOR_DEFINITIONS = (
					"DEBUG=1",
					"$(inherited)",
				);
				GCC_WARN_64_TO_32_BIT_CONVERSION = YES;
				GCC_WARN_ABOUT_RETURN_TYPE = YES_ERROR;
				GCC_WARN_UNDECLARED_SELECTOR = YES;
				GCC_WARN_UNINITIALIZED_AUTOS = YES_AGGRESSIVE;
				GCC_WARN_UNUSED_FUNCTION = YES;
				GCC_WARN_UNUSED_VARIABLE = YES;
				IPHONEOS_DEPLOYMENT_TARGET = 14.0;
				MTL_ENABLE_DEBUG_INFO = INCLUDE_SOURCE;
				MTL_FAST_MATH = YES;
				ONLY_ACTIVE_ARCH = YES;
				SDKROOT = iphoneos;
				SWIFT_ACTIVE_COMPILATION_CONDITIONS = DEBUG;
				SWIFT_OPTIMIZATION_LEVEL = "-Onone";
			};
			name = Debug;
		};
		3C7FF76F2522875E00F81A74 /* Release */ = {
			isa = XCBuildConfiguration;
			buildSettings = {
				ALWAYS_SEARCH_USER_PATHS = NO;
				CLANG_ANALYZER_NONNULL = YES;
				CLANG_ANALYZER_NUMBER_OBJECT_CONVERSION = YES_AGGRESSIVE;
				CLANG_CXX_LANGUAGE_STANDARD = "gnu++14";
				CLANG_CXX_LIBRARY = "libc++";
				CLANG_ENABLE_MODULES = YES;
				CLANG_ENABLE_OBJC_ARC = YES;
				CLANG_ENABLE_OBJC_WEAK = YES;
				CLANG_WARN_BLOCK_CAPTURE_AUTORELEASING = YES;
				CLANG_WARN_BOOL_CONVERSION = YES;
				CLANG_WARN_COMMA = YES;
				CLANG_WARN_CONSTANT_CONVERSION = YES;
				CLANG_WARN_DEPRECATED_OBJC_IMPLEMENTATIONS = YES;
				CLANG_WARN_DIRECT_OBJC_ISA_USAGE = YES_ERROR;
				CLANG_WARN_DOCUMENTATION_COMMENTS = YES;
				CLANG_WARN_EMPTY_BODY = YES;
				CLANG_WARN_ENUM_CONVERSION = YES;
				CLANG_WARN_INFINITE_RECURSION = YES;
				CLANG_WARN_INT_CONVERSION = YES;
				CLANG_WARN_NON_LITERAL_NULL_CONVERSION = YES;
				CLANG_WARN_OBJC_IMPLICIT_RETAIN_SELF = YES;
				CLANG_WARN_OBJC_LITERAL_CONVERSION = YES;
				CLANG_WARN_OBJC_ROOT_CLASS = YES_ERROR;
				CLANG_WARN_QUOTED_INCLUDE_IN_FRAMEWORK_HEADER = YES;
				CLANG_WARN_RANGE_LOOP_ANALYSIS = YES;
				CLANG_WARN_STRICT_PROTOTYPES = YES;
				CLANG_WARN_SUSPICIOUS_MOVE = YES;
				CLANG_WARN_UNGUARDED_AVAILABILITY = YES_AGGRESSIVE;
				CLANG_WARN_UNREACHABLE_CODE = YES;
				CLANG_WARN__DUPLICATE_METHOD_MATCH = YES;
				COPY_PHASE_STRIP = NO;
				DEBUG_INFORMATION_FORMAT = "dwarf-with-dsym";
				ENABLE_NS_ASSERTIONS = NO;
				ENABLE_STRICT_OBJC_MSGSEND = YES;
				GCC_C_LANGUAGE_STANDARD = gnu11;
				GCC_NO_COMMON_BLOCKS = YES;
				GCC_WARN_64_TO_32_BIT_CONVERSION = YES;
				GCC_WARN_ABOUT_RETURN_TYPE = YES_ERROR;
				GCC_WARN_UNDECLARED_SELECTOR = YES;
				GCC_WARN_UNINITIALIZED_AUTOS = YES_AGGRESSIVE;
				GCC_WARN_UNUSED_FUNCTION = YES;
				GCC_WARN_UNUSED_VARIABLE = YES;
				IPHONEOS_DEPLOYMENT_TARGET = 14.0;
				MTL_ENABLE_DEBUG_INFO = NO;
				MTL_FAST_MATH = YES;
				SDKROOT = iphoneos;
				SWIFT_COMPILATION_MODE = wholemodule;
				SWIFT_OPTIMIZATION_LEVEL = "-O";
				VALIDATE_PRODUCT = YES;
			};
			name = Release;
		};
		3C7FF7712522875E00F81A74 /* Debug */ = {
			isa = XCBuildConfiguration;
			buildSettings = {
				ASSETCATALOG_COMPILER_APPICON_NAME = AppIcon;
				ASSETCATALOG_COMPILER_GLOBAL_ACCENT_COLOR_NAME = AccentColor;
				CODE_SIGN_STYLE = Automatic;
				INFOPLIST_FILE = NewsStar/Info.plist;
				LD_RUNPATH_SEARCH_PATHS = (
					"$(inherited)",
					"@executable_path/Frameworks",
				);
				PRODUCT_BUNDLE_IDENTIFIER = com.ravi.NewsStar;
				PRODUCT_NAME = "$(TARGET_NAME)";
				SWIFT_VERSION = 5.0;
				TARGETED_DEVICE_FAMILY = "1,2";
			};
			name = Debug;
		};
		3C7FF7722522875E00F81A74 /* Release */ = {
			isa = XCBuildConfiguration;
			buildSettings = {
				ASSETCATALOG_COMPILER_APPICON_NAME = AppIcon;
				ASSETCATALOG_COMPILER_GLOBAL_ACCENT_COLOR_NAME = AccentColor;
				CODE_SIGN_STYLE = Automatic;
				INFOPLIST_FILE = NewsStar/Info.plist;
				LD_RUNPATH_SEARCH_PATHS = (
					"$(inherited)",
					"@executable_path/Frameworks",
				);
				PRODUCT_BUNDLE_IDENTIFIER = com.ravi.NewsStar;
				PRODUCT_NAME = "$(TARGET_NAME)";
				SWIFT_VERSION = 5.0;
				TARGETED_DEVICE_FAMILY = "1,2";
			};
			name = Release;
		};
/* End XCBuildConfiguration section */

/* Begin XCConfigurationList section */
		3C7FF7542522875900F81A74 /* Build configuration list for PBXProject "NewsStar" */ = {
			isa = XCConfigurationList;
			buildConfigurations = (
				3C7FF76E2522875E00F81A74 /* Debug */,
				3C7FF76F2522875E00F81A74 /* Release */,
			);
			defaultConfigurationIsVisible = 0;
			defaultConfigurationName = Release;
		};
		3C7FF7702522875E00F81A74 /* Build configuration list for PBXNativeTarget "NewsStar" */ = {
			isa = XCConfigurationList;
			buildConfigurations = (
				3C7FF7712522875E00F81A74 /* Debug */,
				3C7FF7722522875E00F81A74 /* Release */,
			);
			defaultConfigurationIsVisible = 0;
			defaultConfigurationName = Release;
		};
/* End XCConfigurationList section */

/* Begin XCVersionGroup section */
		3C7FF7652522875900F81A74 /* NewsStar.xcdatamodeld */ = {
			isa = XCVersionGroup;
			children = (
				3C7FF7662522875900F81A74 /* NewsStar.xcdatamodel */,
			);
			currentVersion = 3C7FF7662522875900F81A74 /* NewsStar.xcdatamodel */;
			path = NewsStar.xcdatamodeld;
			sourceTree = "<group>";
			versionGroupType = wrapper.xcdatamodel;
		};
/* End XCVersionGroup section */
	};
	rootObject = 3C7FF7512522875900F81A74 /* Project object */;
}
